// !$*UTF8*$!
{
	archiveVersion = 1;
	classes = {
	};
	objectVersion = 50;
	objects = {

/* Begin PBXBuildFile section */
		2EF92D3520AC1A06001E17E9 /* AppDelegate.swift in Sources */ = {isa = PBXBuildFile; fileRef = 2EF92D3420AC1A06001E17E9 /* AppDelegate.swift */; };
		2EF92D3720AC1A06001E17E9 /* ViewController.swift in Sources */ = {isa = PBXBuildFile; fileRef = 2EF92D3620AC1A06001E17E9 /* ViewController.swift */; };
		2EF92D3A20AC1A06001E17E9 /* Main.storyboard in Resources */ = {isa = PBXBuildFile; fileRef = 2EF92D3820AC1A06001E17E9 /* Main.storyboard */; };
		2EF92D3C20AC1A08001E17E9 /* Assets.xcassets in Resources */ = {isa = PBXBuildFile; fileRef = 2EF92D3B20AC1A08001E17E9 /* Assets.xcassets */; };
		2EF92D3F20AC1A08001E17E9 /* LaunchScreen.storyboard in Resources */ = {isa = PBXBuildFile; fileRef = 2EF92D3D20AC1A08001E17E9 /* LaunchScreen.storyboard */; };
		9F77102F61CB82153DC089DF /* Pods_IngenicoSwift4.framework in Frameworks */ = {isa = PBXBuildFile; fileRef = 8753C85C9A56C261FA226A3D /* Pods_IngenicoSwift4.framework */; };
/* End PBXBuildFile section */

/* Begin PBXFileReference section */
		2EF92D3120AC1A06001E17E9 /* IngenicoSwift4.app */ = {isa = PBXFileReference; explicitFileType = wrapper.application; includeInIndex = 0; path = IngenicoSwift4.app; sourceTree = BUILT_PRODUCTS_DIR; };
		2EF92D3420AC1A06001E17E9 /* AppDelegate.swift */ = {isa = PBXFileReference; lastKnownFileType = sourcecode.swift; path = AppDelegate.swift; sourceTree = "<group>"; };
		2EF92D3620AC1A06001E17E9 /* ViewController.swift */ = {isa = PBXFileReference; lastKnownFileType = sourcecode.swift; path = ViewController.swift; sourceTree = "<group>"; };
		2EF92D3920AC1A06001E17E9 /* Base */ = {isa = PBXFileReference; lastKnownFileType = file.storyboard; name = Base; path = Base.lproj/Main.storyboard; sourceTree = "<group>"; };
		2EF92D3B20AC1A08001E17E9 /* Assets.xcassets */ = {isa = PBXFileReference; lastKnownFileType = folder.assetcatalog; path = Assets.xcassets; sourceTree = "<group>"; };
		2EF92D3E20AC1A08001E17E9 /* Base */ = {isa = PBXFileReference; lastKnownFileType = file.storyboard; name = Base; path = Base.lproj/LaunchScreen.storyboard; sourceTree = "<group>"; };
		2EF92D4020AC1A08001E17E9 /* Info.plist */ = {isa = PBXFileReference; lastKnownFileType = text.plist.xml; path = Info.plist; sourceTree = "<group>"; };
		8753C85C9A56C261FA226A3D /* Pods_IngenicoSwift4.framework */ = {isa = PBXFileReference; explicitFileType = wrapper.framework; includeInIndex = 0; path = Pods_IngenicoSwift4.framework; sourceTree = BUILT_PRODUCTS_DIR; };
		A26E76C3896A43F91EDAEBF3 /* Pods-IngenicoSwift4.debug.xcconfig */ = {isa = PBXFileReference; includeInIndex = 1; lastKnownFileType = text.xcconfig; name = "Pods-IngenicoSwift4.debug.xcconfig"; path = "Pods/Target Support Files/Pods-IngenicoSwift4/Pods-IngenicoSwift4.debug.xcconfig"; sourceTree = "<group>"; };
		D38E1AEFA2307D1DF81299C3 /* Pods-IngenicoSwift4.release.xcconfig */ = {isa = PBXFileReference; includeInIndex = 1; lastKnownFileType = text.xcconfig; name = "Pods-IngenicoSwift4.release.xcconfig"; path = "Pods/Target Support Files/Pods-IngenicoSwift4/Pods-IngenicoSwift4.release.xcconfig"; sourceTree = "<group>"; };
/* End PBXFileReference section */

/* Begin PBXFrameworksBuildPhase section */
		2EF92D2E20AC1A06001E17E9 /* Frameworks */ = {
			isa = PBXFrameworksBuildPhase;
			buildActionMask = 2147483647;
			files = (
				9F77102F61CB82153DC089DF /* Pods_IngenicoSwift4.framework in Frameworks */,
			);
			runOnlyForDeploymentPostprocessing = 0;
		};
/* End PBXFrameworksBuildPhase section */

/* Begin PBXGroup section */
		2EF92D2820AC1A06001E17E9 = {
			isa = PBXGroup;
			children = (
				2EF92D3320AC1A06001E17E9 /* IngenicoSwift4 */,
				2EF92D3220AC1A06001E17E9 /* Products */,
				629F6016A5723C94CFA5B93B /* Pods */,
				6C82781292E4BC99B5426230 /* Frameworks */,
			);
			sourceTree = "<group>";
		};
		2EF92D3220AC1A06001E17E9 /* Products */ = {
			isa = PBXGroup;
			children = (
				2EF92D3120AC1A06001E17E9 /* IngenicoSwift4.app */,
			);
			name = Products;
			sourceTree = "<group>";
		};
		2EF92D3320AC1A06001E17E9 /* IngenicoSwift4 */ = {
			isa = PBXGroup;
			children = (
				2EF92D3420AC1A06001E17E9 /* AppDelegate.swift */,
				2EF92D3620AC1A06001E17E9 /* ViewController.swift */,
				2EF92D3820AC1A06001E17E9 /* Main.storyboard */,
				2EF92D3B20AC1A08001E17E9 /* Assets.xcassets */,
				2EF92D3D20AC1A08001E17E9 /* LaunchScreen.storyboard */,
				2EF92D4020AC1A08001E17E9 /* Info.plist */,
			);
			path = IngenicoSwift4;
			sourceTree = "<group>";
		};
		629F6016A5723C94CFA5B93B /* Pods */ = {
			isa = PBXGroup;
			children = (
				A26E76C3896A43F91EDAEBF3 /* Pods-IngenicoSwift4.debug.xcconfig */,
				D38E1AEFA2307D1DF81299C3 /* Pods-IngenicoSwift4.release.xcconfig */,
			);
			name = Pods;
			sourceTree = "<group>";
		};
		6C82781292E4BC99B5426230 /* Frameworks */ = {
			isa = PBXGroup;
			children = (
				8753C85C9A56C261FA226A3D /* Pods_IngenicoSwift4.framework */,
			);
			name = Frameworks;
			sourceTree = "<group>";
		};
/* End PBXGroup section */

/* Begin PBXNativeTarget section */
		2EF92D3020AC1A06001E17E9 /* IngenicoSwift4 */ = {
			isa = PBXNativeTarget;
			buildConfigurationList = 2EF92D4320AC1A08001E17E9 /* Build configuration list for PBXNativeTarget "IngenicoSwift4" */;
			buildPhases = (
				5271FC43CC0EBD59EFCB73D7 /* [CP] Check Pods Manifest.lock */,
				2EF92D2D20AC1A06001E17E9 /* Sources */,
				2EF92D2E20AC1A06001E17E9 /* Frameworks */,
				2EF92D2F20AC1A06001E17E9 /* Resources */,
				5701068551C113CEAE024DD8 /* [CP] Embed Pods Frameworks */,
			);
			buildRules = (
			);
			dependencies = (
			);
			name = IngenicoSwift4;
			productName = IngenicoSwift4;
			productReference = 2EF92D3120AC1A06001E17E9 /* IngenicoSwift4.app */;
			productType = "com.apple.product-type.application";
		};
/* End PBXNativeTarget section */

/* Begin PBXProject section */
		2EF92D2920AC1A06001E17E9 /* Project object */ = {
			isa = PBXProject;
			attributes = {
				LastSwiftUpdateCheck = 0930;
				LastUpgradeCheck = 0930;
				ORGANIZATIONNAME = "Manh-Ha Vu";
				TargetAttributes = {
					2EF92D3020AC1A06001E17E9 = {
						CreatedOnToolsVersion = 9.3.1;
					};
				};
			};
			buildConfigurationList = 2EF92D2C20AC1A06001E17E9 /* Build configuration list for PBXProject "IngenicoSwift4" */;
			compatibilityVersion = "Xcode 9.3";
			developmentRegion = en;
			hasScannedForEncodings = 0;
			knownRegions = (
				en,
				Base,
			);
			mainGroup = 2EF92D2820AC1A06001E17E9;
			productRefGroup = 2EF92D3220AC1A06001E17E9 /* Products */;
			projectDirPath = "";
			projectRoot = "";
			targets = (
				2EF92D3020AC1A06001E17E9 /* IngenicoSwift4 */,
			);
		};
/* End PBXProject section */

/* Begin PBXResourcesBuildPhase section */
		2EF92D2F20AC1A06001E17E9 /* Resources */ = {
			isa = PBXResourcesBuildPhase;
			buildActionMask = 2147483647;
			files = (
				2EF92D3F20AC1A08001E17E9 /* LaunchScreen.storyboard in Resources */,
				2EF92D3C20AC1A08001E17E9 /* Assets.xcassets in Resources */,
				2EF92D3A20AC1A06001E17E9 /* Main.storyboard in Resources */,
			);
			runOnlyForDeploymentPostprocessing = 0;
		};
/* End PBXResourcesBuildPhase section */

/* Begin PBXShellScriptBuildPhase section */
		5271FC43CC0EBD59EFCB73D7 /* [CP] Check Pods Manifest.lock */ = {
			isa = PBXShellScriptBuildPhase;
			buildActionMask = 2147483647;
			files = (
			);
			inputPaths = (
				"${PODS_PODFILE_DIR_PATH}/Podfile.lock",
				"${PODS_ROOT}/Manifest.lock",
			);
			name = "[CP] Check Pods Manifest.lock";
			outputPaths = (
				"$(DERIVED_FILE_DIR)/Pods-IngenicoSwift4-checkManifestLockResult.txt",
			);
			runOnlyForDeploymentPostprocessing = 0;
			shellPath = /bin/sh;
			shellScript = "diff \"${PODS_PODFILE_DIR_PATH}/Podfile.lock\" \"${PODS_ROOT}/Manifest.lock\" > /dev/null\nif [ $? != 0 ] ; then\n    # print error to STDERR\n    echo \"error: The sandbox is not in sync with the Podfile.lock. Run 'pod install' or update your CocoaPods installation.\" >&2\n    exit 1\nfi\n# This output is used by Xcode 'outputs' to avoid re-running this script phase.\necho \"SUCCESS\" > \"${SCRIPT_OUTPUT_FILE_0}\"\n";
			showEnvVarsInLog = 0;
		};
		5701068551C113CEAE024DD8 /* [CP] Embed Pods Frameworks */ = {
			isa = PBXShellScriptBuildPhase;
			buildActionMask = 2147483647;
			files = (
			);
			inputPaths = (
				"${SRCROOT}/Pods/Target Support Files/Pods-IngenicoSwift4/Pods-IngenicoSwift4-frameworks.sh",
				"${BUILT_PRODUCTS_DIR}/Alamofire/Alamofire.framework",
				"${BUILT_PRODUCTS_DIR}/CryptoSwift/CryptoSwift.framework",
				"${BUILT_PRODUCTS_DIR}/IngenicoConnectKit/IngenicoConnectKit.framework",
			);
			name = "[CP] Embed Pods Frameworks";
			outputPaths = (
				"${TARGET_BUILD_DIR}/${FRAMEWORKS_FOLDER_PATH}/Alamofire.framework",
				"${TARGET_BUILD_DIR}/${FRAMEWORKS_FOLDER_PATH}/CryptoSwift.framework",
				"${TARGET_BUILD_DIR}/${FRAMEWORKS_FOLDER_PATH}/IngenicoConnectKit.framework",
			);
			runOnlyForDeploymentPostprocessing = 0;
			shellPath = /bin/sh;
			shellScript = "\"${SRCROOT}/Pods/Target Support Files/Pods-IngenicoSwift4/Pods-IngenicoSwift4-frameworks.sh\"\n";
			showEnvVarsInLog = 0;
		};
/* End PBXShellScriptBuildPhase section */

/* Begin PBXSourcesBuildPhase section */
		2EF92D2D20AC1A06001E17E9 /* Sources */ = {
			isa = PBXSourcesBuildPhase;
			buildActionMask = 2147483647;
			files = (
				2EF92D3720AC1A06001E17E9 /* ViewController.swift in Sources */,
				2EF92D3520AC1A06001E17E9 /* AppDelegate.swift in Sources */,
			);
			runOnlyForDeploymentPostprocessing = 0;
		};
/* End PBXSourcesBuildPhase section */

/* Begin PBXVariantGroup section */
		2EF92D3820AC1A06001E17E9 /* Main.storyboard */ = {
			isa = PBXVariantGroup;
			children = (
				2EF92D3920AC1A06001E17E9 /* Base */,
			);
			name = Main.storyboard;
			sourceTree = "<group>";
		};
		2EF92D3D20AC1A08001E17E9 /* LaunchScreen.storyboard */ = {
			isa = PBXVariantGroup;
			children = (
				2EF92D3E20AC1A08001E17E9 /* Base */,
			);
			name = LaunchScreen.storyboard;
			sourceTree = "<group>";
		};
/* End PBXVariantGroup section */

/* Begin XCBuildConfiguration section */
		2EF92D4120AC1A08001E17E9 /* Debug */ = {
			isa = XCBuildConfiguration;
			buildSettings = {
				ALWAYS_SEARCH_USER_PATHS = NO;
				CLANG_ANALYZER_NONNULL = YES;
				CLANG_ANALYZER_NUMBER_OBJECT_CONVERSION = YES_AGGRESSIVE;
				CLANG_CXX_LANGUAGE_STANDARD = "gnu++14";
				CLANG_CXX_LIBRARY = "libc++";
				CLANG_ENABLE_MODULES = YES;
				CLANG_ENABLE_OBJC_ARC = YES;
				CLANG_ENABLE_OBJC_WEAK = YES;
				CLANG_WARN_BLOCK_CAPTURE_AUTORELEASING = YES;
				CLANG_WARN_BOOL_CONVERSION = YES;
				CLANG_WARN_COMMA = YES;
				CLANG_WARN_CONSTANT_CONVERSION = YES;
				CLANG_WARN_DEPRECATED_OBJC_IMPLEMENTATIONS = YES;
				CLANG_WARN_DIRECT_OBJC_ISA_USAGE = YES_ERROR;
				CLANG_WARN_DOCUMENTATION_COMMENTS = YES;
				CLANG_WARN_EMPTY_BODY = YES;
				CLANG_WARN_ENUM_CONVERSION = YES;
				CLANG_WARN_INFINITE_RECURSION = YES;
				CLANG_WARN_INT_CONVERSION = YES;
				CLANG_WARN_NON_LITERAL_NULL_CONVERSION = YES;
				CLANG_WARN_OBJC_IMPLICIT_RETAIN_SELF = YES;
				CLANG_WARN_OBJC_LITERAL_CONVERSION = YES;
				CLANG_WARN_OBJC_ROOT_CLASS = YES_ERROR;
				CLANG_WARN_RANGE_LOOP_ANALYSIS = YES;
				CLANG_WARN_STRICT_PROTOTYPES = YES;
				CLANG_WARN_SUSPICIOUS_MOVE = YES;
				CLANG_WARN_UNGUARDED_AVAILABILITY = YES_AGGRESSIVE;
				CLANG_WARN_UNREACHABLE_CODE = YES;
				CLANG_WARN__DUPLICATE_METHOD_MATCH = YES;
				CODE_SIGN_IDENTITY = "iPhone Developer";
				COPY_PHASE_STRIP = NO;
				DEBUG_INFORMATION_FORMAT = dwarf;
				ENABLE_STRICT_OBJC_MSGSEND = YES;
				ENABLE_TESTABILITY = YES;
				GCC_C_LANGUAGE_STANDARD = gnu11;
				GCC_DYNAMIC_NO_PIC = NO;
				GCC_NO_COMMON_BLOCKS = YES;
				GCC_OPTIMIZATION_LEVEL = 0;
				GCC_PREPROCESSOR_DEFINITIONS = (
					"DEBUG=1",
					"$(inherited)",
				);
				GCC_WARN_64_TO_32_BIT_CONVERSION = YES;
				GCC_WARN_ABOUT_RETURN_TYPE = YES_ERROR;
				GCC_WARN_UNDECLARED_SELECTOR = YES;
				GCC_WARN_UNINITIALIZED_AUTOS = YES_AGGRESSIVE;
				GCC_WARN_UNUSED_FUNCTION = YES;
				GCC_WARN_UNUSED_VARIABLE = YES;
				IPHONEOS_DEPLOYMENT_TARGET = 11.3;
				MTL_ENABLE_DEBUG_INFO = YES;
				ONLY_ACTIVE_ARCH = YES;
				SDKROOT = iphoneos;
				SWIFT_ACTIVE_COMPILATION_CONDITIONS = DEBUG;
				SWIFT_OPTIMIZATION_LEVEL = "-Onone";
			};
			name = Debug;
		};
		2EF92D4220AC1A08001E17E9 /* Release */ = {
			isa = XCBuildConfiguration;
			buildSettings = {
				ALWAYS_SEARCH_USER_PATHS = NO;
				CLANG_ANALYZER_NONNULL = YES;
				CLANG_ANALYZER_NUMBER_OBJECT_CONVERSION = YES_AGGRESSIVE;
				CLANG_CXX_LANGUAGE_STANDARD = "gnu++14";
				CLANG_CXX_LIBRARY = "libc++";
				CLANG_ENABLE_MODULES = YES;
				CLANG_ENABLE_OBJC_ARC = YES;
				CLANG_ENABLE_OBJC_WEAK = YES;
				CLANG_WARN_BLOCK_CAPTURE_AUTORELEASING = YES;
				CLANG_WARN_BOOL_CONVERSION = YES;
				CLANG_WARN_COMMA = YES;
				CLANG_WARN_CONSTANT_CONVERSION = YES;
				CLANG_WARN_DEPRECATED_OBJC_IMPLEMENTATIONS = YES;
				CLANG_WARN_DIRECT_OBJC_ISA_USAGE = YES_ERROR;
				CLANG_WARN_DOCUMENTATION_COMMENTS = YES;
				CLANG_WARN_EMPTY_BODY = YES;
				CLANG_WARN_ENUM_CONVERSION = YES;
				CLANG_WARN_INFINITE_RECURSION = YES;
				CLANG_WARN_INT_CONVERSION = YES;
				CLANG_WARN_NON_LITERAL_NULL_CONVERSION = YES;
				CLANG_WARN_OBJC_IMPLICIT_RETAIN_SELF = YES;
				CLANG_WARN_OBJC_LITERAL_CONVERSION = YES;
				CLANG_WARN_OBJC_ROOT_CLASS = YES_ERROR;
				CLANG_WARN_RANGE_LOOP_ANALYSIS = YES;
				CLANG_WARN_STRICT_PROTOTYPES = YES;
				CLANG_WARN_SUSPICIOUS_MOVE = YES;
				CLANG_WARN_UNGUARDED_AVAILABILITY = YES_AGGRESSIVE;
				CLANG_WARN_UNREACHABLE_CODE = YES;
				CLANG_WARN__DUPLICATE_METHOD_MATCH = YES;
				CODE_SIGN_IDENTITY = "iPhone Developer";
				COPY_PHASE_STRIP = NO;
				DEBUG_INFORMATION_FORMAT = "dwarf-with-dsym";
				ENABLE_NS_ASSERTIONS = NO;
				ENABLE_STRICT_OBJC_MSGSEND = YES;
				GCC_C_LANGUAGE_STANDARD = gnu11;
				GCC_NO_COMMON_BLOCKS = YES;
				GCC_WARN_64_TO_32_BIT_CONVERSION = YES;
				GCC_WARN_ABOUT_RETURN_TYPE = YES_ERROR;
				GCC_WARN_UNDECLARED_SELECTOR = YES;
				GCC_WARN_UNINITIALIZED_AUTOS = YES_AGGRESSIVE;
				GCC_WARN_UNUSED_FUNCTION = YES;
				GCC_WARN_UNUSED_VARIABLE = YES;
				IPHONEOS_DEPLOYMENT_TARGET = 11.3;
				MTL_ENABLE_DEBUG_INFO = NO;
				SDKROOT = iphoneos;
				SWIFT_COMPILATION_MODE = wholemodule;
				SWIFT_OPTIMIZATION_LEVEL = "-O";
				VALIDATE_PRODUCT = YES;
			};
			name = Release;
		};
		2EF92D4420AC1A08001E17E9 /* Debug */ = {
			isa = XCBuildConfiguration;
			baseConfigurationReference = A26E76C3896A43F91EDAEBF3 /* Pods-IngenicoSwift4.debug.xcconfig */;
			buildSettings = {
				ASSETCATALOG_COMPILER_APPICON_NAME = AppIcon;
				CODE_SIGN_STYLE = Automatic;
				DEVELOPMENT_TEAM = FSYJRV5Y23;
				INFOPLIST_FILE = IngenicoSwift4/Info.plist;
				LD_RUNPATH_SEARCH_PATHS = "$(inherited) @executable_path/Frameworks";
				PRODUCT_BUNDLE_IDENTIFIER = com.manhhavu.IngenicoSwift4;
				PRODUCT_NAME = "$(TARGET_NAME)";
				SWIFT_VERSION = 4.0;
				TARGETED_DEVICE_FAMILY = "1,2";
			};
			name = Debug;
		};
		2EF92D4520AC1A08001E17E9 /* Release */ = {
			isa = XCBuildConfiguration;
			baseConfigurationReference = D38E1AEFA2307D1DF81299C3 /* Pods-IngenicoSwift4.release.xcconfig */;
			buildSettings = {
				ASSETCATALOG_COMPILER_APPICON_NAME = AppIcon;
				CODE_SIGN_STYLE = Automatic;
				DEVELOPMENT_TEAM = FSYJRV5Y23;
				INFOPLIST_FILE = IngenicoSwift4/Info.plist;
				LD_RUNPATH_SEARCH_PATHS = "$(inherited) @executable_path/Frameworks";
				PRODUCT_BUNDLE_IDENTIFIER = com.manhhavu.IngenicoSwift4;
				PRODUCT_NAME = "$(TARGET_NAME)";
				SWIFT_VERSION = 4.0;
				TARGETED_DEVICE_FAMILY = "1,2";
			};
			name = Release;
		};
/* End XCBuildConfiguration section */

/* Begin XCConfigurationList section */
		2EF92D2C20AC1A06001E17E9 /* Build configuration list for PBXProject "IngenicoSwift4" */ = {
			isa = XCConfigurationList;
			buildConfigurations = (
				2EF92D4120AC1A08001E17E9 /* Debug */,
				2EF92D4220AC1A08001E17E9 /* Release */,
			);
			defaultConfigurationIsVisible = 0;
			defaultConfigurationName = Release;
		};
		2EF92D4320AC1A08001E17E9 /* Build configuration list for PBXNativeTarget "IngenicoSwift4" */ = {
			isa = XCConfigurationList;
			buildConfigurations = (
				2EF92D4420AC1A08001E17E9 /* Debug */,
				2EF92D4520AC1A08001E17E9 /* Release */,
			);
			defaultConfigurationIsVisible = 0;
			defaultConfigurationName = Release;
		};
/* End XCConfigurationList section */
	};
	rootObject = 2EF92D2920AC1A06001E17E9 /* Project object */;
}
